
Microsoft Visual Studio Solution File, Format Version 12.00
# Visual Studio Version 17
VisualStudioVersion = 17.2.32630.192
MinimumVisualStudioVersion = 10.0.40219.1
Project("{9A19103F-16F7-4668-BE54-9A1E7A4F7556}") = "Oiski.School.Web.DapperDoo.App", "Oiski.School.Web.DapperDoo.App\Oiski.School.Web.DapperDoo.App.csproj", "{EB377BF6-C962-4213-AB2C-B235ADF26F95}"
EndProject
Project("{00D1A9C2-B5F0-4AF3-8072-F6C62B433612}") = "SampleDB", "SampleDB\SampleDB.sqlproj", "{FE41AA45-74B1-4439-B66A-E556488284AB}"
EndProject
Global
	GlobalSection(SolutionConfigurationPlatforms) = preSolution
		Debug|Any CPU = Debug|Any CPU
		Release|Any CPU = Release|Any CPU
	EndGlobalSection
	GlobalSection(ProjectConfigurationPlatforms) = postSolution
		{EB377BF6-C962-4213-AB2C-B235ADF26F95}.Debug|Any CPU.ActiveCfg = Debug|Any CPU
		{EB377BF6-C962-4213-AB2C-B235ADF26F95}.Debug|Any CPU.Build.0 = Debug|Any CPU
		{EB377BF6-C962-4213-AB2C-B235ADF26F95}.Release|Any CPU.ActiveCfg = Release|Any CPU
		{EB377BF6-C962-4213-AB2C-B235ADF26F95}.Release|Any CPU.Build.0 = Release|Any CPU
		{FE41AA45-74B1-4439-B66A-E556488284AB}.Debug|Any CPU.ActiveCfg = Debug|Any CPU
		{FE41AA45-74B1-4439-B66A-E556488284AB}.Debug|Any CPU.Build.0 = Debug|Any CPU
		{FE41AA45-74B1-4439-B66A-E556488284AB}.Debug|Any CPU.Deploy.0 = Debug|Any CPU
		{FE41AA45-74B1-4439-B66A-E556488284AB}.Release|Any CPU.ActiveCfg = Release|Any CPU
		{FE41AA45-74B1-4439-B66A-E556488284AB}.Release|Any CPU.Build.0 = Release|Any CPU
		{FE41AA45-74B1-4439-B66A-E556488284AB}.Release|Any CPU.Deploy.0 = Release|Any CPU
	EndGlobalSection
	GlobalSection(SolutionProperties) = preSolution
		HideSolutionNode = FALSE
	EndGlobalSection
	GlobalSection(ExtensibilityGlobals) = postSolution
		SolutionGuid = {5ADE6BED-E6F7-4638-8341-01C3FC645619}
	EndGlobalSection
EndGlobal
